
Microsoft Visual Studio Solution File, Format Version 12.00
# Visual Studio 15
VisualStudioVersion = 15.0.26730.16
MinimumVisualStudioVersion = 10.0.40219.1
Project("{FAE04EC0-301F-11D3-BF4B-00C04F79EFBC}") = "FYPInitial", "FYPInitial\FYPInitial.csproj", "{98CE9623-124B-451E-A03B-26F118F2FCE4}"
EndProject
Global
	GlobalSection(SolutionConfigurationPlatforms) = preSolution
		Debug|Any CPU = Debug|Any CPU
		Release|Any CPU = Release|Any CPU
	EndGlobalSection
	GlobalSection(ProjectConfigurationPlatforms) = postSolution
		{98CE9623-124B-451E-A03B-26F118F2FCE4}.Debug|Any CPU.ActiveCfg = Debug|Any CPU
		{98CE9623-124B-451E-A03B-26F118F2FCE4}.Debug|Any CPU.Build.0 = Debug|Any CPU
		{98CE9623-124B-451E-A03B-26F118F2FCE4}.Release|Any CPU.ActiveCfg = Release|Any CPU
		{98CE9623-124B-451E-A03B-26F118F2FCE4}.Release|Any CPU.Build.0 = Release|Any CPU
	EndGlobalSection
	GlobalSection(SolutionProperties) = preSolution
		HideSolutionNode = FALSE
	EndGlobalSection
	GlobalSection(ExtensibilityGlobals) = postSolution
		SolutionGuid = {67243F95-B153-41C6-809E-9940552C5F85}
	EndGlobalSection
EndGlobal
